// !$*UTF8*$!
{
	archiveVersion = 1;
	classes = {
	};
	objectVersion = 46;
	objects = {

/* Begin PBXBuildFile section */
		035240751CA9FE0C00D63739 /* bt0_1.png in Resources */ = {isa = PBXBuildFile; fileRef = 035240741CA9FE0C00D63739 /* bt0_1.png */; };
		7661B8381CA9115E005C619E /* main.m in Sources */ = {isa = PBXBuildFile; fileRef = 7661B8371CA9115E005C619E /* main.m */; };
		7661B83B1CA9115E005C619E /* AppDelegate.m in Sources */ = {isa = PBXBuildFile; fileRef = 7661B83A1CA9115E005C619E /* AppDelegate.m */; };
		7661B83E1CA9115E005C619E /* ViewController.m in Sources */ = {isa = PBXBuildFile; fileRef = 7661B83D1CA9115E005C619E /* ViewController.m */; };
		7661B8411CA9115E005C619E /* Main.storyboard in Resources */ = {isa = PBXBuildFile; fileRef = 7661B83F1CA9115E005C619E /* Main.storyboard */; };
		7661B8431CA9115E005C619E /* Assets.xcassets in Resources */ = {isa = PBXBuildFile; fileRef = 7661B8421CA9115E005C619E /* Assets.xcassets */; };
		7661B8461CA9115E005C619E /* LaunchScreen.storyboard in Resources */ = {isa = PBXBuildFile; fileRef = 7661B8441CA9115E005C619E /* LaunchScreen.storyboard */; };
		7661B8541CA918D0005C619E /* 1.png in Resources */ = {isa = PBXBuildFile; fileRef = 7661B8531CA918D0005C619E /* 1.png */; };
		7661B8561CA91999005C619E /* 2.png in Resources */ = {isa = PBXBuildFile; fileRef = 7661B8551CA91999005C619E /* 2.png */; };
		7661B85A1CA91A85005C619E /* CHAlertSheet.m in Sources */ = {isa = PBXBuildFile; fileRef = 7661B8591CA91A85005C619E /* CHAlertSheet.m */; };
/* End PBXBuildFile section */

/* Begin PBXFileReference section */
		035240741CA9FE0C00D63739 /* bt0_1.png */ = {isa = PBXFileReference; lastKnownFileType = image.png; path = bt0_1.png; sourceTree = "<group>"; };
		7661B8331CA9115E005C619E /* NineGame.app */ = {isa = PBXFileReference; explicitFileType = wrapper.application; includeInIndex = 0; path = NineGame.app; sourceTree = BUILT_PRODUCTS_DIR; };
		7661B8371CA9115E005C619E /* main.m */ = {isa = PBXFileReference; lastKnownFileType = sourcecode.c.objc; path = main.m; sourceTree = "<group>"; };
		7661B8391CA9115E005C619E /* AppDelegate.h */ = {isa = PBXFileReference; lastKnownFileType = sourcecode.c.h; path = AppDelegate.h; sourceTree = "<group>"; };
		7661B83A1CA9115E005C619E /* AppDelegate.m */ = {isa = PBXFileReference; lastKnownFileType = sourcecode.c.objc; path = AppDelegate.m; sourceTree = "<group>"; };
		7661B83C1CA9115E005C619E /* ViewController.h */ = {isa = PBXFileReference; lastKnownFileType = sourcecode.c.h; path = ViewController.h; sourceTree = "<group>"; };
		7661B83D1CA9115E005C619E /* ViewController.m */ = {isa = PBXFileReference; lastKnownFileType = sourcecode.c.objc; path = ViewController.m; sourceTree = "<group>"; };
		7661B8401CA9115E005C619E /* Base */ = {isa = PBXFileReference; lastKnownFileType = file.storyboard; name = Base; path = Base.lproj/Main.storyboard; sourceTree = "<group>"; };
		7661B8421CA9115E005C619E /* Assets.xcassets */ = {isa = PBXFileReference; lastKnownFileType = folder.assetcatalog; path = Assets.xcassets; sourceTree = "<group>"; };
		7661B8451CA9115E005C619E /* Base */ = {isa = PBXFileReference; lastKnownFileType = file.storyboard; name = Base; path = Base.lproj/LaunchScreen.storyboard; sourceTree = "<group>"; };
		7661B8471CA9115E005C619E /* Info.plist */ = {isa = PBXFileReference; lastKnownFileType = text.plist.xml; path = Info.plist; sourceTree = "<group>"; };
		7661B8531CA918D0005C619E /* 1.png */ = {isa = PBXFileReference; lastKnownFileType = image.png; path = 1.png; sourceTree = "<group>"; };
		7661B8551CA91999005C619E /* 2.png */ = {isa = PBXFileReference; lastKnownFileType = image.png; path = 2.png; sourceTree = "<group>"; };
		7661B8581CA91A85005C619E /* CHAlertSheet.h */ = {isa = PBXFileReference; fileEncoding = 4; lastKnownFileType = sourcecode.c.h; path = CHAlertSheet.h; sourceTree = "<group>"; };
		7661B8591CA91A85005C619E /* CHAlertSheet.m */ = {isa = PBXFileReference; fileEncoding = 4; lastKnownFileType = sourcecode.c.objc; path = CHAlertSheet.m; sourceTree = "<group>"; };
/* End PBXFileReference section */

/* Begin PBXFrameworksBuildPhase section */
		7661B8301CA9115E005C619E /* Frameworks */ = {
			isa = PBXFrameworksBuildPhase;
			buildActionMask = 2147483647;
			files = (
			);
			runOnlyForDeploymentPostprocessing = 0;
		};
/* End PBXFrameworksBuildPhase section */

/* Begin PBXGroup section */
		7661B82A1CA9115E005C619E = {
			isa = PBXGroup;
			children = (
				7661B8351CA9115E005C619E /* NineGame */,
				7661B8341CA9115E005C619E /* Products */,
			);
			sourceTree = "<group>";
		};
		7661B8341CA9115E005C619E /* Products */ = {
			isa = PBXGroup;
			children = (
				7661B8331CA9115E005C619E /* NineGame.app */,
			);
			name = Products;
			sourceTree = "<group>";
		};
		7661B8351CA9115E005C619E /* NineGame */ = {
			isa = PBXGroup;
			children = (
				7661B8571CA91A85005C619E /* CHAlertSheet */,
				7661B8391CA9115E005C619E /* AppDelegate.h */,
				7661B83A1CA9115E005C619E /* AppDelegate.m */,
				7661B83C1CA9115E005C619E /* ViewController.h */,
				7661B83D1CA9115E005C619E /* ViewController.m */,
				7661B83F1CA9115E005C619E /* Main.storyboard */,
				7661B8421CA9115E005C619E /* Assets.xcassets */,
				7661B8441CA9115E005C619E /* LaunchScreen.storyboard */,
				7661B8471CA9115E005C619E /* Info.plist */,
				7661B8361CA9115E005C619E /* Supporting Files */,
			);
			path = NineGame;
			sourceTree = "<group>";
		};
		7661B8361CA9115E005C619E /* Supporting Files */ = {
			isa = PBXGroup;
			children = (
				035240741CA9FE0C00D63739 /* bt0_1.png */,
				7661B8551CA91999005C619E /* 2.png */,
				7661B8531CA918D0005C619E /* 1.png */,
				7661B8371CA9115E005C619E /* main.m */,
			);
			name = "Supporting Files";
			sourceTree = "<group>";
		};
		7661B8571CA91A85005C619E /* CHAlertSheet */ = {
			isa = PBXGroup;
			children = (
				7661B8581CA91A85005C619E /* CHAlertSheet.h */,
				7661B8591CA91A85005C619E /* CHAlertSheet.m */,
			);
			path = CHAlertSheet;
			sourceTree = "<group>";
		};
/* End PBXGroup section */

/* Begin PBXNativeTarget section */
		7661B8321CA9115E005C619E /* NineGame */ = {
			isa = PBXNativeTarget;
			buildConfigurationList = 7661B84A1CA9115E005C619E /* Build configuration list for PBXNativeTarget "NineGame" */;
			buildPhases = (
				7661B82F1CA9115E005C619E /* Sources */,
				7661B8301CA9115E005C619E /* Frameworks */,
				7661B8311CA9115E005C619E /* Resources */,
			);
			buildRules = (
			);
			dependencies = (
			);
			name = NineGame;
			productName = NineGame;
			productReference = 7661B8331CA9115E005C619E /* NineGame.app */;
			productType = "com.apple.product-type.application";
		};
/* End PBXNativeTarget section */

/* Begin PBXProject section */
		7661B82B1CA9115E005C619E /* Project object */ = {
			isa = PBXProject;
			attributes = {
				LastUpgradeCheck = 0730;
				ORGANIZATIONNAME = hqchendev.com.cn;
				TargetAttributes = {
					7661B8321CA9115E005C619E = {
						CreatedOnToolsVersion = 7.3;
					};
				};
			};
			buildConfigurationList = 7661B82E1CA9115E005C619E /* Build configuration list for PBXProject "NineGame" */;
			compatibilityVersion = "Xcode 3.2";
			developmentRegion = English;
			hasScannedForEncodings = 0;
			knownRegions = (
				en,
				Base,
			);
			mainGroup = 7661B82A1CA9115E005C619E;
			productRefGroup = 7661B8341CA9115E005C619E /* Products */;
			projectDirPath = "";
			projectRoot = "";
			targets = (
				7661B8321CA9115E005C619E /* NineGame */,
			);
		};
/* End PBXProject section */

/* Begin PBXResourcesBuildPhase section */
		7661B8311CA9115E005C619E /* Resources */ = {
			isa = PBXResourcesBuildPhase;
			buildActionMask = 2147483647;
			files = (
				7661B8461CA9115E005C619E /* LaunchScreen.storyboard in Resources */,
				7661B8431CA9115E005C619E /* Assets.xcassets in Resources */,
				035240751CA9FE0C00D63739 /* bt0_1.png in Resources */,
				7661B8561CA91999005C619E /* 2.png in Resources */,
				7661B8411CA9115E005C619E /* Main.storyboard in Resources */,
				7661B8541CA918D0005C619E /* 1.png in Resources */,
			);
			runOnlyForDeploymentPostprocessing = 0;
		};
/* End PBXResourcesBuildPhase section */

/* Begin PBXSourcesBuildPhase section */
		7661B82F1CA9115E005C619E /* Sources */ = {
			isa = PBXSourcesBuildPhase;
			buildActionMask = 2147483647;
			files = (
				7661B83E1CA9115E005C619E /* ViewController.m in Sources */,
				7661B85A1CA91A85005C619E /* CHAlertSheet.m in Sources */,
				7661B83B1CA9115E005C619E /* AppDelegate.m in Sources */,
				7661B8381CA9115E005C619E /* main.m in Sources */,
			);
			runOnlyForDeploymentPostprocessing = 0;
		};
/* End PBXSourcesBuildPhase section */

/* Begin PBXVariantGroup section */
		7661B83F1CA9115E005C619E /* Main.storyboard */ = {
			isa = PBXVariantGroup;
			children = (
				7661B8401CA9115E005C619E /* Base */,
			);
			name = Main.storyboard;
			sourceTree = "<group>";
		};
		7661B8441CA9115E005C619E /* LaunchScreen.storyboard */ = {
			isa = PBXVariantGroup;
			children = (
				7661B8451CA9115E005C619E /* Base */,
			);
			name = LaunchScreen.storyboard;
			sourceTree = "<group>";
		};
/* End PBXVariantGroup section */

/* Begin XCBuildConfiguration section */
		7661B8481CA9115E005C619E /* Debug */ = {
			isa = XCBuildConfiguration;
			buildSettings = {
				ALWAYS_SEARCH_USER_PATHS = NO;
				CLANG_ANALYZER_NONNULL = YES;
				CLANG_CXX_LANGUAGE_STANDARD = "gnu++0x";
				CLANG_CXX_LIBRARY = "libc++";
				CLANG_ENABLE_MODULES = YES;
				CLANG_ENABLE_OBJC_ARC = YES;
				CLANG_WARN_BOOL_CONVERSION = YES;
				CLANG_WARN_CONSTANT_CONVERSION = YES;
				CLANG_WARN_DIRECT_OBJC_ISA_USAGE = YES_ERROR;
				CLANG_WARN_EMPTY_BODY = YES;
				CLANG_WARN_ENUM_CONVERSION = YES;
				CLANG_WARN_INT_CONVERSION = YES;
				CLANG_WARN_OBJC_ROOT_CLASS = YES_ERROR;
				CLANG_WARN_UNREACHABLE_CODE = YES;
				CLANG_WARN__DUPLICATE_METHOD_MATCH = YES;
				"CODE_SIGN_IDENTITY[sdk=iphoneos*]" = "iPhone Developer";
				COPY_PHASE_STRIP = NO;
				DEBUG_INFORMATION_FORMAT = dwarf;
				ENABLE_STRICT_OBJC_MSGSEND = YES;
				ENABLE_TESTABILITY = YES;
				GCC_C_LANGUAGE_STANDARD = gnu99;
				GCC_DYNAMIC_NO_PIC = NO;
				GCC_NO_COMMON_BLOCKS = YES;
				GCC_OPTIMIZATION_LEVEL = 0;
				GCC_PREPROCESSOR_DEFINITIONS = (
					"DEBUG=1",
					"$(inherited)",
				);
				GCC_WARN_64_TO_32_BIT_CONVERSION = YES;
				GCC_WARN_ABOUT_RETURN_TYPE = YES_ERROR;
				GCC_WARN_UNDECLARED_SELECTOR = YES;
				GCC_WARN_UNINITIALIZED_AUTOS = YES_AGGRESSIVE;
				GCC_WARN_UNUSED_FUNCTION = YES;
				GCC_WARN_UNUSED_VARIABLE = YES;
				IPHONEOS_DEPLOYMENT_TARGET = 9.3;
				MTL_ENABLE_DEBUG_INFO = YES;
				ONLY_ACTIVE_ARCH = YES;
				SDKROOT = iphoneos;
				TARGETED_DEVICE_FAMILY = "1,2";
			};
			name = Debug;
		};
		7661B8491CA9115E005C619E /* Release */ = {
			isa = XCBuildConfiguration;
			buildSettings = {
				ALWAYS_SEARCH_USER_PATHS = NO;
				CLANG_ANALYZER_NONNULL = YES;
				CLANG_CXX_LANGUAGE_STANDARD = "gnu++0x";
				CLANG_CXX_LIBRARY = "libc++";
				CLANG_ENABLE_MODULES = YES;
				CLANG_ENABLE_OBJC_ARC = YES;
				CLANG_WARN_BOOL_CONVERSION = YES;
				CLANG_WARN_CONSTANT_CONVERSION = YES;
				CLANG_WARN_DIRECT_OBJC_ISA_USAGE = YES_ERROR;
				CLANG_WARN_EMPTY_BODY = YES;
				CLANG_WARN_ENUM_CONVERSION = YES;
				CLANG_WARN_INT_CONVERSION = YES;
				CLANG_WARN_OBJC_ROOT_CLASS = YES_ERROR;
				CLANG_WARN_UNREACHABLE_CODE = YES;
				CLANG_WARN__DUPLICATE_METHOD_MATCH = YES;
				"CODE_SIGN_IDENTITY[sdk=iphoneos*]" = "iPhone Developer";
				COPY_PHASE_STRIP = NO;
				DEBUG_INFORMATION_FORMAT = "dwarf-with-dsym";
				ENABLE_NS_ASSERTIONS = NO;
				ENABLE_STRICT_OBJC_MSGSEND = YES;
				GCC_C_LANGUAGE_STANDARD = gnu99;
				GCC_NO_COMMON_BLOCKS = YES;
				GCC_WARN_64_TO_32_BIT_CONVERSION = YES;
				GCC_WARN_ABOUT_RETURN_TYPE = YES_ERROR;
				GCC_WARN_UNDECLARED_SELECTOR = YES;
				GCC_WARN_UNINITIALIZED_AUTOS = YES_AGGRESSIVE;
				GCC_WARN_UNUSED_FUNCTION = YES;
				GCC_WARN_UNUSED_VARIABLE = YES;
				IPHONEOS_DEPLOYMENT_TARGET = 9.3;
				MTL_ENABLE_DEBUG_INFO = NO;
				SDKROOT = iphoneos;
				TARGETED_DEVICE_FAMILY = "1,2";
				VALIDATE_PRODUCT = YES;
			};
			name = Release;
		};
		7661B84B1CA9115E005C619E /* Debug */ = {
			isa = XCBuildConfiguration;
			buildSettings = {
				ASSETCATALOG_COMPILER_APPICON_NAME = AppIcon;
				INFOPLIST_FILE = NineGame/Info.plist;
				LD_RUNPATH_SEARCH_PATHS = "$(inherited) @executable_path/Frameworks";
				PRODUCT_BUNDLE_IDENTIFIER = singleGroup.NineGame;
				PRODUCT_NAME = "$(TARGET_NAME)";
			};
			name = Debug;
		};
		7661B84C1CA9115E005C619E /* Release */ = {
			isa = XCBuildConfiguration;
			buildSettings = {
				ASSETCATALOG_COMPILER_APPICON_NAME = AppIcon;
				INFOPLIST_FILE = NineGame/Info.plist;
				LD_RUNPATH_SEARCH_PATHS = "$(inherited) @executable_path/Frameworks";
				PRODUCT_BUNDLE_IDENTIFIER = singleGroup.NineGame;
				PRODUCT_NAME = "$(TARGET_NAME)";
			};
			name = Release;
		};
/* End XCBuildConfiguration section */

/* Begin XCConfigurationList section */
		7661B82E1CA9115E005C619E /* Build configuration list for PBXProject "NineGame" */ = {
			isa = XCConfigurationList;
			buildConfigurations = (
				7661B8481CA9115E005C619E /* Debug */,
				7661B8491CA9115E005C619E /* Release */,
			);
			defaultConfigurationIsVisible = 0;
			defaultConfigurationName = Release;
		};
		7661B84A1CA9115E005C619E /* Build configuration list for PBXNativeTarget "NineGame" */ = {
			isa = XCConfigurationList;
			buildConfigurations = (
				7661B84B1CA9115E005C619E /* Debug */,
				7661B84C1CA9115E005C619E /* Release */,
			);
			defaultConfigurationIsVisible = 0;
			defaultConfigurationName = Release;
		};
/* End XCConfigurationList section */
	};
	rootObject = 7661B82B1CA9115E005C619E /* Project object */;
}
